{
  "name": "minhaufcg",
  "version": "0.0.0",
  "lockfileVersion": 1,
  "requires": true,
  "dependencies": {
    "@uirouter/angularjs": {
      "version": "1.0.11",
      "resolved": "https://registry.npmjs.org/@uirouter/angularjs/-/angularjs-1.0.11.tgz",
      "integrity": "sha512-AG6DT1mYEGLyRt8/Ggf/1teh4pp0yB99GTufC/pY6FfxmkrVE44dv9bGTOrcEETiPgu1SezsqTMjbXEv55JxCw==",
      "requires": {
        "@uirouter/core": "5.0.11"
      }
    },
    "@uirouter/core": {
      "version": "5.0.11",
      "resolved": "https://registry.npmjs.org/@uirouter/core/-/core-5.0.11.tgz",
      "integrity": "sha512-x8js8f0nJivRMlxVyFcP5VmHyI091qUYCSEP69+m3uTCsIlCvLWmQiT4/FY7YBe9go6tYBBzPV+dWseg5XMD8Q=="
    },
    "angular": {
      "version": "1.6.6",
      "resolved": "https://registry.npmjs.org/angular/-/angular-1.6.6.tgz",
      "integrity": "sha1-/Vo8+0N844LYVO4BEgeXl4Uny2Q="
    },
    "angular-animate": {
      "version": "1.6.6",
      "resolved": "https://registry.npmjs.org/angular-animate/-/angular-animate-1.6.6.tgz",
      "integrity": "sha1-aSVkexQaBA0kG/ElBA8aFQ/NinA="
    },
    "angular-base64-upload": {
      "version": "0.1.23",
      "resolved": "https://registry.npmjs.org/angular-base64-upload/-/angular-base64-upload-0.1.23.tgz",
      "integrity": "sha512-vRSY+7/pag2hEdTSB90LTvT5rU5XPxBNMA1WGz60pNSpChRUzf+h5FR9lObRcGg1WUOvlYinnvoPTD6Nktcx1g=="
    },
    "angular-bootstrap": {
      "version": "0.12.2",
      "resolved": "https://registry.npmjs.org/angular-bootstrap/-/angular-bootstrap-0.12.2.tgz",
      "integrity": "sha1-3pkAp9sIen6dpHMEqcL3f5wGmCc="
    },
    "angular-ui-bootstrap": {
      "version": "2.5.6",
      "resolved": "https://registry.npmjs.org/angular-ui-bootstrap/-/angular-ui-bootstrap-2.5.6.tgz",
      "integrity": "sha512-yzcHpPMLQl0232nDzm5P4iAFTFQ9dMw0QgFLuKYbDj9M0xJ62z0oudYD/Lvh1pWfRsukiytP4Xj6BHOSrSXP8A=="
    },
    "bootbox": {
      "version": "4.4.0",
      "resolved": "https://registry.npmjs.org/bootbox/-/bootbox-4.4.0.tgz",
      "integrity": "sha1-/3+Jj7h9RSflR/62QVj4hFDRoMk="
    },
    "bootstrap": {
      "version": "3.3.7",
      "resolved": "https://registry.npmjs.org/bootstrap/-/bootstrap-3.3.7.tgz",
      "integrity": "sha1-WjiTlFSfIzMIdaOxUGVldPip63E="
    },
    "font-awesome": {
      "version": "4.7.0",
      "resolved": "https://registry.npmjs.org/font-awesome/-/font-awesome-4.7.0.tgz",
      "integrity": "sha1-j6jPBBGhoxr9B7BtKQK7n8gVoTM="
    },
    "jquery": {
      "version": "3.2.1",
      "resolved": "https://registry.npmjs.org/jquery/-/jquery-3.2.1.tgz",
      "integrity": "sha1-XE2d5lKvbNCncBVKYxu6ErAVx4c="
    },
    "ngmap": {
      "version": "1.18.4",
      "resolved": "https://registry.npmjs.org/ngmap/-/ngmap-1.18.4.tgz",
      "integrity": "sha1-jzbY6EDaaCnOXUDl10e3DEo6yDM="
    }
  }
}
